<Solution>
  <Project Path="src/Omi.Domain/Omi.Domain.csproj" />
  <Project Path="src/Omi.Application/Omi.Application.csproj" />
  <Project Path="src/Omi.Infrastructure/Omi.Infrastructure.csproj" />
  <Project Path="src/Omi.Api/Omi.Api.csproj" />
  <Project Path="tests/Omi.Domain.Tests/Omi.Domain.Tests.csproj" />
</Solution>
